# THIS IS AN AUTOGENERATED FILE. DO NOT EDIT THIS FILE DIRECTLY.
# yarn lockfile v1


create-next-app@^12.0.4:
  version "12.0.4"
  resolved "https://registry.yarnpkg.com/create-next-app/-/create-next-app-12.0.4.tgz#76356f5f5aa70b77a268ec30872b09d7aef8c859"
  integrity sha512-Fct0SoJCqGoBbVySlEqJsTGZRTSNCH7ZuAemfpQ1/OB4Urq1I14+c9ZN6mjlGaVpaWRxwyOpDNpizb3uBgcrqg==
