# THIS IS AN AUTOGENERATED FILE. DO NOT EDIT THIS FILE DIRECTLY.
# yarn lockfile v1


create-next-app@^10.2.0:
  version "10.2.0"
  resolved "https://registry.yarnpkg.com/create-next-app/-/create-next-app-10.2.0.tgz#35c3674fa3fb1d672fd5d081c88e86d5db08b232"
  integrity sha512-IG4/ex9QWF1XCUNMlxbnBqTkwtvlAV6ZxPw1/HYn3/NNgDcN3W6vIHAomU1VCFnfxqN7ce1bkCPHmij3hvqJ9w==
